
Microsoft Visual Studio Solution File, Format Version 12.00
# Visual Studio Version 17
VisualStudioVersion = 17.5.002.0
MinimumVisualStudioVersion = 10.0.40219.1
Project("{9A19103F-16F7-4668-BE54-9A1E7A4F7556}") = "Api-Testing", "Api-Testing.csproj", "{BFA8AF0C-02EF-4F1F-A30F-AD3ACD9D256A}"
EndProject
Global
	GlobalSection(SolutionConfigurationPlatforms) = preSolution
		Debug|Any CPU = Debug|Any CPU
		Release|Any CPU = Release|Any CPU
	EndGlobalSection
	GlobalSection(ProjectConfigurationPlatforms) = postSolution
		{BFA8AF0C-02EF-4F1F-A30F-AD3ACD9D256A}.Debug|Any CPU.ActiveCfg = Debug|Any CPU
		{BFA8AF0C-02EF-4F1F-A30F-AD3ACD9D256A}.Debug|Any CPU.Build.0 = Debug|Any CPU
		{BFA8AF0C-02EF-4F1F-A30F-AD3ACD9D256A}.Release|Any CPU.ActiveCfg = Release|Any CPU
		{BFA8AF0C-02EF-4F1F-A30F-AD3ACD9D256A}.Release|Any CPU.Build.0 = Release|Any CPU
	EndGlobalSection
	GlobalSection(SolutionProperties) = preSolution
		HideSolutionNode = FALSE
	EndGlobalSection
	GlobalSection(ExtensibilityGlobals) = postSolution
		SolutionGuid = {DD745830-CB4C-4205-B4AF-65B599A83867}
	EndGlobalSection
EndGlobal
